
Microsoft Visual Studio Solution File, Format Version 12.00
# Visual Studio Version 16
VisualStudioVersion = 16.0.30225.117
MinimumVisualStudioVersion = 10.0.40219.1
Project("{FAE04EC0-301F-11D3-BF4B-00C04F79EFBC}") = "Products.API", "TestAPIUsingWebApplicationFactory\Products.API.csproj", "{3D371782-E79D-446E-9C67-30D0A2555DB5}"
EndProject
Project("{FAE04EC0-301F-11D3-BF4B-00C04F79EFBC}") = "Products.API.Tests", "Products.API.Tests\Products.API.Tests.csproj", "{DDDB4423-73CC-47B1-9E1E-902B88A5E233}"
EndProject
Global
	GlobalSection(SolutionConfigurationPlatforms) = preSolution
		Debug|Any CPU = Debug|Any CPU
		Release|Any CPU = Release|Any CPU
	EndGlobalSection
	GlobalSection(ProjectConfigurationPlatforms) = postSolution
		{3D371782-E79D-446E-9C67-30D0A2555DB5}.Debug|Any CPU.ActiveCfg = Debug|Any CPU
		{3D371782-E79D-446E-9C67-30D0A2555DB5}.Debug|Any CPU.Build.0 = Debug|Any CPU
		{3D371782-E79D-446E-9C67-30D0A2555DB5}.Release|Any CPU.ActiveCfg = Release|Any CPU
		{3D371782-E79D-446E-9C67-30D0A2555DB5}.Release|Any CPU.Build.0 = Release|Any CPU
		{DDDB4423-73CC-47B1-9E1E-902B88A5E233}.Debug|Any CPU.ActiveCfg = Debug|Any CPU
		{DDDB4423-73CC-47B1-9E1E-902B88A5E233}.Debug|Any CPU.Build.0 = Debug|Any CPU
		{DDDB4423-73CC-47B1-9E1E-902B88A5E233}.Release|Any CPU.ActiveCfg = Release|Any CPU
		{DDDB4423-73CC-47B1-9E1E-902B88A5E233}.Release|Any CPU.Build.0 = Release|Any CPU
	EndGlobalSection
	GlobalSection(SolutionProperties) = preSolution
		HideSolutionNode = FALSE
	EndGlobalSection
	GlobalSection(ExtensibilityGlobals) = postSolution
		SolutionGuid = {03920F3F-3B42-421D-8B6C-E0ABFF413550}
	EndGlobalSection
EndGlobal
